
Microsoft Visual Studio Solution File, Format Version 12.00
# Visual Studio Version 17
VisualStudioVersion = 17.3.32804.467
MinimumVisualStudioVersion = 10.0.40219.1
Project("{FAE04EC0-301F-11D3-BF4B-00C04F79EFBC}") = "KnightsTourCSharp2", "KnightsTourCSharp2\KnightsTourCSharp2.csproj", "{4D33E843-8D68-4D0E-A49B-8A248EF9BB6F}"
EndProject
Global
	GlobalSection(SolutionConfigurationPlatforms) = preSolution
		Debug|Any CPU = Debug|Any CPU
		Release|Any CPU = Release|Any CPU
	EndGlobalSection
	GlobalSection(ProjectConfigurationPlatforms) = postSolution
		{4D33E843-8D68-4D0E-A49B-8A248EF9BB6F}.Debug|Any CPU.ActiveCfg = Debug|Any CPU
		{4D33E843-8D68-4D0E-A49B-8A248EF9BB6F}.Debug|Any CPU.Build.0 = Debug|Any CPU
		{4D33E843-8D68-4D0E-A49B-8A248EF9BB6F}.Release|Any CPU.ActiveCfg = Release|Any CPU
		{4D33E843-8D68-4D0E-A49B-8A248EF9BB6F}.Release|Any CPU.Build.0 = Release|Any CPU
	EndGlobalSection
	GlobalSection(SolutionProperties) = preSolution
		HideSolutionNode = FALSE
	EndGlobalSection
	GlobalSection(ExtensibilityGlobals) = postSolution
		SolutionGuid = {9BDB4167-8875-45C9-A768-A95496B76978}
	EndGlobalSection
EndGlobal
